
Microsoft Visual Studio Solution File, Format Version 12.00
# Visual Studio Version 17
VisualStudioVersion = 17.3.32804.467
MinimumVisualStudioVersion = 10.0.40219.1
Project("{FAE04EC0-301F-11D3-BF4B-00C04F79EFBC}") = "AdventureWorksAPI", "AdventureWorksAPI\AdventureWorksAPI.csproj", "{9EEC238A-D8A5-47DA-9B0E-C353B92DD4FF}"
EndProject
Global
	GlobalSection(SolutionConfigurationPlatforms) = preSolution
		Debug|Any CPU = Debug|Any CPU
		Release|Any CPU = Release|Any CPU
	EndGlobalSection
	GlobalSection(ProjectConfigurationPlatforms) = postSolution
		{9EEC238A-D8A5-47DA-9B0E-C353B92DD4FF}.Debug|Any CPU.ActiveCfg = Debug|Any CPU
		{9EEC238A-D8A5-47DA-9B0E-C353B92DD4FF}.Debug|Any CPU.Build.0 = Debug|Any CPU
		{9EEC238A-D8A5-47DA-9B0E-C353B92DD4FF}.Release|Any CPU.ActiveCfg = Release|Any CPU
		{9EEC238A-D8A5-47DA-9B0E-C353B92DD4FF}.Release|Any CPU.Build.0 = Release|Any CPU
	EndGlobalSection
	GlobalSection(SolutionProperties) = preSolution
		HideSolutionNode = FALSE
	EndGlobalSection
	GlobalSection(ExtensibilityGlobals) = postSolution
		SolutionGuid = {870355FE-61A5-4F66-BE2F-F208C517DA84}
	EndGlobalSection
EndGlobal
